
Microsoft Visual Studio Solution File, Format Version 12.00
# Visual Studio Version 16
VisualStudioVersion = 16.0.31129.286
MinimumVisualStudioVersion = 10.0.40219.1
Project("{FAE04EC0-301F-11D3-BF4B-00C04F79EFBC}") = "trydll", "trydll\trydll.csproj", "{38850724-B859-4A20-8C01-151676661C2B}"
EndProject
Global
	GlobalSection(SolutionConfigurationPlatforms) = preSolution
		Debug|Any CPU = Debug|Any CPU
		Release|Any CPU = Release|Any CPU
	EndGlobalSection
	GlobalSection(ProjectConfigurationPlatforms) = postSolution
		{38850724-B859-4A20-8C01-151676661C2B}.Debug|Any CPU.ActiveCfg = Debug|Any CPU
		{38850724-B859-4A20-8C01-151676661C2B}.Debug|Any CPU.Build.0 = Debug|Any CPU
		{38850724-B859-4A20-8C01-151676661C2B}.Release|Any CPU.ActiveCfg = Release|Any CPU
		{38850724-B859-4A20-8C01-151676661C2B}.Release|Any CPU.Build.0 = Release|Any CPU
	EndGlobalSection
	GlobalSection(SolutionProperties) = preSolution
		HideSolutionNode = FALSE
	EndGlobalSection
	GlobalSection(ExtensibilityGlobals) = postSolution
		SolutionGuid = {23642D04-1319-4F59-989A-90E233585361}
	EndGlobalSection
EndGlobal
