
Microsoft Visual Studio Solution File, Format Version 12.00
# Visual Studio Version 16
VisualStudioVersion = 16.0.31129.286
MinimumVisualStudioVersion = 10.0.40219.1
Project("{FAE04EC0-301F-11D3-BF4B-00C04F79EFBC}") = "SimpleAnomalyDetector", "ClassLibrary1\SimpleAnomalyDetector.csproj", "{6B32751B-56DE-4A21-BBAC-9D49D5861F6B}"
EndProject
Global
	GlobalSection(SolutionConfigurationPlatforms) = preSolution
		Debug|Any CPU = Debug|Any CPU
		Release|Any CPU = Release|Any CPU
	EndGlobalSection
	GlobalSection(ProjectConfigurationPlatforms) = postSolution
		{6B32751B-56DE-4A21-BBAC-9D49D5861F6B}.Debug|Any CPU.ActiveCfg = Debug|Any CPU
		{6B32751B-56DE-4A21-BBAC-9D49D5861F6B}.Debug|Any CPU.Build.0 = Debug|Any CPU
		{6B32751B-56DE-4A21-BBAC-9D49D5861F6B}.Release|Any CPU.ActiveCfg = Release|Any CPU
		{6B32751B-56DE-4A21-BBAC-9D49D5861F6B}.Release|Any CPU.Build.0 = Release|Any CPU
	EndGlobalSection
	GlobalSection(SolutionProperties) = preSolution
		HideSolutionNode = FALSE
	EndGlobalSection
	GlobalSection(ExtensibilityGlobals) = postSolution
		SolutionGuid = {A6C18D9A-845D-4309-94F3-40D03E67DD32}
	EndGlobalSection
EndGlobal
